{
  "name": "sap_is_api",
  "version": "1.0.0",
  "lockfileVersion": 3,
  "requires": true,
  "packages": {
    "": {
      "name": "sap_is_api",
      "version": "1.0.0",
      "license": "ISC",
      "dependencies": {
        "adm-zip": "^0.5.16",
        "nodemailer": "^7.0.9"
      }
    },
    "node_modules/adm-zip": {
      "version": "0.5.16",
      "resolved": "https://registry.npmjs.org/adm-zip/-/adm-zip-0.5.16.tgz",
      "integrity": "sha512-TGw5yVi4saajsSEgz25grObGHEUaDrniwvA2qwSC060KfqGPdglhvPMA2lPIoxs3PQIItj2iag35fONcQqgUaQ==",
      "engines": {
        "node": ">=12.0"
      }
    },
    "node_modules/nodemailer": {
      "version": "7.0.9",
      "resolved": "https://registry.npmjs.org/nodemailer/-/nodemailer-7.0.9.tgz",
      "integrity": "sha512-9/Qm0qXIByEP8lEV2qOqcAW7bRpL8CR9jcTwk3NBnHJNmP9fIJ86g2fgmIXqHY+nj55ZEMwWqYAT2QTDpRUYiQ==",
      "engines": {
        "node": ">=6.0.0"
      }
    }
  }
}
